<?xml version="1.0" encoding="utf-8"?>
<Project ToolsVersion="4.0" xmlns="http://schemas.microsoft.com/developer/msbuild/2003">
  <ItemGroup>
    <Filter Include="リソース ファイル">
      <UniqueIdentifier>{67DA6AB6-F800-4c08-8B7A-83BB121AAD01}</UniqueIdentifier>
      <Extensions>rc;ico;cur;bmp;dlg;rc2;rct;bin;rgs;gif;jpg;jpeg;jpe;resx;tiff;tif;png;wav;mfcribbon-ms</Extensions>
    </Filter>
    <Filter Include="Source">
      <UniqueIdentifier>{deff02b3-7f04-4c0c-9250-dfa9ef4e2aa3}</UniqueIdentifier>
    </Filter>
  </ItemGroup>
  <ItemGroup>
    <ClInclude Include="GameMain.h">
      <Filter>Source</Filter>
    </ClInclude>
    <ClInclude Include="Point2.h">
      <Filter>Source</Filter>
    </ClInclude>
    <ClInclude Include="Range2.h">
      <Filter>Source</Filter>
    </ClInclude>
    <ClInclude Include="Rect2.h">
      <Filter>Source</Filter>
    </ClInclude>
    <ClInclude Include="Singleton.h">
      <Filter>Source</Filter>
    </ClInclude>
    <ClInclude Include="Var2.h">
      <Filter>Source</Filter>
    </ClInclude>
    <ClInclude Include="Vector2.h">
      <Filter>Source</Filter>
    </ClInclude>
  </ItemGroup>
  <ItemGroup>
    <ClCompile Include="GameMain.cpp">
      <Filter>Source</Filter>
    </ClCompile>
    <ClCompile Include="main.cpp">
      <Filter>Source</Filter>
    </ClCompile>
    <ClCompile Include="Point2.cpp">
      <Filter>Source</Filter>
    </ClCompile>
    <ClCompile Include="Range2.cpp">
      <Filter>Source</Filter>
    </ClCompile>
    <ClCompile Include="Rect2.cpp">
      <Filter>Source</Filter>
    </ClCompile>
    <ClCompile Include="Vector2.cpp">
      <Filter>Source</Filter>
    </ClCompile>
  </ItemGroup>
</Project>