<?xml version="1.0" encoding="utf-8"?>
<Project ToolsVersion="4.0" xmlns="http://schemas.microsoft.com/developer/msbuild/2003">
  <ItemGroup>
    <Filter Include="リソース ファイル">
      <UniqueIdentifier>{67DA6AB6-F800-4c08-8B7A-83BB121AAD01}</UniqueIdentifier>
      <Extensions>rc;ico;cur;bmp;dlg;rc2;rct;bin;rgs;gif;jpg;jpeg;jpe;resx;tiff;tif;png;wav;mfcribbon-ms</Extensions>
    </Filter>
    <Filter Include="Source">
      <UniqueIdentifier>{b3e1c43b-5061-4d33-b43f-144b8ff4c204}</UniqueIdentifier>
    </Filter>
  </ItemGroup>
  <ItemGroup>
    <ClCompile Include="Source\main.cpp">
      <Filter>Source</Filter>
    </ClCompile>
    <ClCompile Include="Source\Range2.cpp">
      <Filter>Source</Filter>
    </ClCompile>
    <ClCompile Include="Source\Rect2.cpp">
      <Filter>Source</Filter>
    </ClCompile>
    <ClCompile Include="Source\Vector2.cpp">
      <Filter>Source</Filter>
    </ClCompile>
    <ClCompile Include="Source\Point2.cpp">
      <Filter>Source</Filter>
    </ClCompile>
    <ClCompile Include="GameMain.cpp">
      <Filter>Source</Filter>
    </ClCompile>
  </ItemGroup>
  <ItemGroup>
    <ClInclude Include="Source\Vector2.h">
      <Filter>Source</Filter>
    </ClInclude>
    <ClInclude Include="Source\Point2.h">
      <Filter>Source</Filter>
    </ClInclude>
    <ClInclude Include="Source\Range2.h">
      <Filter>Source</Filter>
    </ClInclude>
    <ClInclude Include="Source\Rect2.h">
      <Filter>Source</Filter>
    </ClInclude>
    <ClInclude Include="GameMain.h">
      <Filter>Source</Filter>
    </ClInclude>
    <ClInclude Include="Singleton.h">
      <Filter>Source</Filter>
    </ClInclude>
    <ClInclude Include="Source\Var2.h">
      <Filter>Source</Filter>
    </ClInclude>
    <ClInclude Include="resource.h" />
  </ItemGroup>
  <ItemGroup>
    <ResourceCompile Include="Resource.rc">
      <Filter>リソース ファイル</Filter>
    </ResourceCompile>
  </ItemGroup>
</Project>