<?xml version="1.0" encoding="utf-8"?>
<Project ToolsVersion="4.0" xmlns="http://schemas.microsoft.com/developer/msbuild/2003">
  <ItemGroup>
    <Filter Include="リソース ファイル">
      <UniqueIdentifier>{67DA6AB6-F800-4c08-8B7A-83BB121AAD01}</UniqueIdentifier>
      <Extensions>rc;ico;cur;bmp;dlg;rc2;rct;bin;rgs;gif;jpg;jpeg;jpe;resx;tiff;tif;png;wav;mfcribbon-ms</Extensions>
    </Filter>
    <Filter Include="Source">
      <UniqueIdentifier>{db0bcf46-6e83-4ddb-857c-6edb0e077ee2}</UniqueIdentifier>
    </Filter>
    <Filter Include="Source\Scene">
      <UniqueIdentifier>{a09abf35-d2b7-421f-9167-99166e9a01f1}</UniqueIdentifier>
    </Filter>
    <Filter Include="Source\Common">
      <UniqueIdentifier>{bf6701c2-cfdb-4074-bde6-0501be044d6c}</UniqueIdentifier>
    </Filter>
    <Filter Include="Source\Geometry">
      <UniqueIdentifier>{a241f87c-f476-41d0-a131-4b34060a60f7}</UniqueIdentifier>
    </Filter>
    <Filter Include="Source\Actor">
      <UniqueIdentifier>{f3965f4e-4249-43ee-9c43-5792ab3f4949}</UniqueIdentifier>
    </Filter>
    <Filter Include="Source\Actor\Enemy">
      <UniqueIdentifier>{8466dc59-f0bb-467e-8399-7570d84150e3}</UniqueIdentifier>
    </Filter>
    <Filter Include="Source\System">
      <UniqueIdentifier>{16a78137-c87a-4885-b094-c66963cbed4d}</UniqueIdentifier>
    </Filter>
    <Filter Include="Source\Effect">
      <UniqueIdentifier>{2c23192e-49bb-42b8-94c9-769c3cb8d1ec}</UniqueIdentifier>
    </Filter>
    <Filter Include="Source\Image">
      <UniqueIdentifier>{8a7516ee-ac37-4d53-8c10-b3b5bec2ecb3}</UniqueIdentifier>
    </Filter>
    <Filter Include="Source\Object">
      <UniqueIdentifier>{684c2ca4-4fdc-4439-8cbb-1cc820c7d30f}</UniqueIdentifier>
    </Filter>
    <Filter Include="Source\Collision">
      <UniqueIdentifier>{f42c5f88-055b-4f02-a30f-98399e3e8d97}</UniqueIdentifier>
    </Filter>
    <Filter Include="Source\Physics">
      <UniqueIdentifier>{b6cf8bd5-d8a2-43a6-ac2e-276ae42f830f}</UniqueIdentifier>
    </Filter>
    <Filter Include="Source\Actor\Stage">
      <UniqueIdentifier>{46e2e385-57f3-4113-9f12-6fe48cdb52fc}</UniqueIdentifier>
    </Filter>
    <Filter Include="Source\Actor\Player">
      <UniqueIdentifier>{b4f10604-b3c1-4716-b0b0-89c61957f1dc}</UniqueIdentifier>
    </Filter>
    <Filter Include="Source\MapEdit">
      <UniqueIdentifier>{11bc2f97-2873-4d2a-9a17-0c1dd143e51b}</UniqueIdentifier>
    </Filter>
    <Filter Include="Source\Actor\House">
      <UniqueIdentifier>{5ddf0b55-2aae-4105-860c-085deae1cd6b}</UniqueIdentifier>
    </Filter>
    <Filter Include="Source\Blood">
      <UniqueIdentifier>{ec7a187e-4aaa-4d38-95db-e178d1840986}</UniqueIdentifier>
    </Filter>
  </ItemGroup>
  <ItemGroup>
    <ClInclude Include="Source\Const.h" />
    <ClInclude Include="Source\CB_1.h">
      <Filter>Source</Filter>
    </ClInclude>
    <ClInclude Include="Source\CB_2.h">
      <Filter>Source</Filter>
    </ClInclude>
    <ClInclude Include="Source\CrushedBox.h">
      <Filter>Source</Filter>
    </ClInclude>
    <ClInclude Include="Source\BaseScene.h">
      <Filter>Source\Scene</Filter>
    </ClInclude>
    <ClInclude Include="Source\SceneManager.h">
      <Filter>Source\Scene</Filter>
    </ClInclude>
    <ClInclude Include="Source\Point2.h">
      <Filter>Source\Common</Filter>
    </ClInclude>
    <ClInclude Include="Source\Range2.h">
      <Filter>Source\Common</Filter>
    </ClInclude>
    <ClInclude Include="Source\Singleton.h">
      <Filter>Source\Common</Filter>
    </ClInclude>
    <ClInclude Include="Source\Var2.h">
      <Filter>Source\Common</Filter>
    </ClInclude>
    <ClInclude Include="Source\Vector2.h">
      <Filter>Source\Common</Filter>
    </ClInclude>
    <ClInclude Include="Source\Enemy.h">
      <Filter>Source\Actor\Enemy</Filter>
    </ClInclude>
    <ClInclude Include="Source\GameScene.h">
      <Filter>Source\Scene</Filter>
    </ClInclude>
    <ClInclude Include="Source\Rect2.h">
      <Filter>Source\Geometry</Filter>
    </ClInclude>
    <ClInclude Include="Source\Camera.h">
      <Filter>Source\System</Filter>
    </ClInclude>
    <ClInclude Include="Source\Effect.h">
      <Filter>Source\Effect</Filter>
    </ClInclude>
    <ClInclude Include="Source\EffectManager.h">
      <Filter>Source\Effect</Filter>
    </ClInclude>
    <ClInclude Include="Source\KeyInput.h">
      <Filter>Source\System</Filter>
    </ClInclude>
    <ClInclude Include="Source\SoundManager.h">
      <Filter>Source\System</Filter>
    </ClInclude>
    <ClInclude Include="Source\Dust.h">
      <Filter>Source\Effect</Filter>
    </ClInclude>
    <ClInclude Include="Source\Smoke.h">
      <Filter>Source\Effect</Filter>
    </ClInclude>
    <ClInclude Include="Source\ImageMng.h">
      <Filter>Source\Image</Filter>
    </ClInclude>
    <ClInclude Include="Source\Collision.h">
      <Filter>Source\Collision</Filter>
    </ClInclude>
    <ClInclude Include="Source\GameMain.h">
      <Filter>Source</Filter>
    </ClInclude>
    <ClInclude Include="Source\Player.h">
      <Filter>Source\Actor\Player</Filter>
    </ClInclude>
    <ClInclude Include="Source\EditCursor.h">
      <Filter>Source\MapEdit</Filter>
    </ClInclude>
    <ClInclude Include="Source\MapCtl.h">
      <Filter>Source\MapEdit</Filter>
    </ClInclude>
    <ClInclude Include="Source\Obj.h">
      <Filter>Source\MapEdit</Filter>
    </ClInclude>
    <ClInclude Include="Source\TitleScene.h">
      <Filter>Source\Scene</Filter>
    </ClInclude>
    <ClInclude Include="Source\ResultScene.h">
      <Filter>Source\Scene</Filter>
    </ClInclude>
    <ClInclude Include="Source\EnemyNyn.h">
      <Filter>Source\Actor\Enemy</Filter>
    </ClInclude>
    <ClInclude Include="House.h">
      <Filter>Source\Actor\House</Filter>
    </ClInclude>
    <ClInclude Include="Blood.h">
      <Filter>Source\Blood</Filter>
    </ClInclude>
    <ClInclude Include="CharaCollider.h" />
    <ClInclude Include="BloodManager.h">
      <Filter>Source\Blood</Filter>
    </ClInclude>
    <ClInclude Include="TutrialScene.h">
      <Filter>Source\Scene</Filter>
    </ClInclude>
    <ClInclude Include="Source\BloodE.h">
      <Filter>Source\Effect</Filter>
    </ClInclude>
    <ClInclude Include="GabyoMan.h">
      <Filter>Source\Actor\Enemy</Filter>
    </ClInclude>
    <ClInclude Include="Source\Fall.h">
      <Filter>Source\Effect</Filter>
    </ClInclude>
    <ClInclude Include="EnemyFactory.h" />
  </ItemGroup>
  <ItemGroup>
    <ClCompile Include="Source\CB_1.cpp">
      <Filter>Source</Filter>
    </ClCompile>
    <ClCompile Include="Source\CB_2.cpp">
      <Filter>Source</Filter>
    </ClCompile>
    <ClCompile Include="Source\CrushedBox.cpp">
      <Filter>Source</Filter>
    </ClCompile>
    <ClCompile Include="Source\main.cpp">
      <Filter>Source</Filter>
    </ClCompile>
    <ClCompile Include="Source\BaseScene.cpp">
      <Filter>Source\Scene</Filter>
    </ClCompile>
    <ClCompile Include="Source\SceneManager.cpp">
      <Filter>Source\Scene</Filter>
    </ClCompile>
    <ClCompile Include="Source\Point2.cpp">
      <Filter>Source\Common</Filter>
    </ClCompile>
    <ClCompile Include="Source\Range2.cpp">
      <Filter>Source\Common</Filter>
    </ClCompile>
    <ClCompile Include="Source\Vector2.cpp">
      <Filter>Source\Common</Filter>
    </ClCompile>
    <ClCompile Include="Source\Enemy.cpp">
      <Filter>Source\Actor\Enemy</Filter>
    </ClCompile>
    <ClCompile Include="Source\GameScene.cpp">
      <Filter>Source\Scene</Filter>
    </ClCompile>
    <ClCompile Include="Source\Rect2.cpp">
      <Filter>Source\Geometry</Filter>
    </ClCompile>
    <ClCompile Include="Source\Camera.cpp">
      <Filter>Source\System</Filter>
    </ClCompile>
    <ClCompile Include="Source\Effect.cpp">
      <Filter>Source\Effect</Filter>
    </ClCompile>
    <ClCompile Include="Source\EffectManager.cpp">
      <Filter>Source\Effect</Filter>
    </ClCompile>
    <ClCompile Include="Source\KeyInput.cpp">
      <Filter>Source\System</Filter>
    </ClCompile>
    <ClCompile Include="Source\SoundManager.cpp">
      <Filter>Source\System</Filter>
    </ClCompile>
    <ClCompile Include="Source\Dust.cpp">
      <Filter>Source\Effect</Filter>
    </ClCompile>
    <ClCompile Include="Source\Smoke.cpp">
      <Filter>Source\Effect</Filter>
    </ClCompile>
    <ClCompile Include="Source\ImageMng.cpp">
      <Filter>Source\Image</Filter>
    </ClCompile>
    <ClCompile Include="Source\Collision.cpp">
      <Filter>Source\Collision</Filter>
    </ClCompile>
    <ClCompile Include="Source\GameMain.cpp">
      <Filter>Source</Filter>
    </ClCompile>
    <ClCompile Include="Source\Player.cpp">
      <Filter>Source\Actor\Player</Filter>
    </ClCompile>
    <ClCompile Include="Source\EditCursor.cpp">
      <Filter>Source\MapEdit</Filter>
    </ClCompile>
    <ClCompile Include="Source\MapCtl.cpp">
      <Filter>Source\MapEdit</Filter>
    </ClCompile>
    <ClCompile Include="Source\Obj.cpp">
      <Filter>Source\MapEdit</Filter>
    </ClCompile>
    <ClCompile Include="Source\TitleScene.cpp">
      <Filter>Source\Scene</Filter>
    </ClCompile>
    <ClCompile Include="Source\ResultScene.cpp">
      <Filter>Source\Scene</Filter>
    </ClCompile>
    <ClCompile Include="Source\EnemyNyn.cpp">
      <Filter>Source\Actor\Enemy</Filter>
    </ClCompile>
    <ClCompile Include="House.cpp">
      <Filter>Source\Actor\House</Filter>
    </ClCompile>
    <ClCompile Include="Blood.cpp">
      <Filter>Source\Blood</Filter>
    </ClCompile>
    <ClCompile Include="CharaCollider.cpp" />
    <ClCompile Include="BloodManager.cpp">
      <Filter>Source\Blood</Filter>
    </ClCompile>
    <ClCompile Include="TutrialScene.cpp">
      <Filter>Source\Scene</Filter>
    </ClCompile>
    <ClCompile Include="Source\BloodE.cpp">
      <Filter>Source\Effect</Filter>
    </ClCompile>
    <ClCompile Include="GabyoMan.cpp">
      <Filter>Source\Actor\Enemy</Filter>
    </ClCompile>
    <ClCompile Include="Source\Fall.cpp">
      <Filter>Source\Effect</Filter>
    </ClCompile>
    <ClCompile Include="EnemyFactory.cpp" />
  </ItemGroup>
</Project>